// !$*UTF8*$!
{
	archiveVersion = 1;
	classes = {
	};
	objectVersion = 46;
	objects = {

/* Begin PBXBuildFile section */
		3C1508491AC228F9006F56C7 /* main.cpp in Sources */ = {isa = PBXBuildFile; fileRef = 3C1508481AC228F9006F56C7 /* main.cpp */; };
		3C1508501AC22908006F56C7 /* OpenGL.framework in Frameworks */ = {isa = PBXBuildFile; fileRef = 3C15084F1AC22908006F56C7 /* OpenGL.framework */; };
		3C1508521AC2291D006F56C7 /* GLUT.framework in Frameworks */ = {isa = PBXBuildFile; fileRef = 3C1508511AC2291D006F56C7 /* GLUT.framework */; };
		3C1508561AC22A30006F56C7 /* pixels.cpp in Sources */ = {isa = PBXBuildFile; fileRef = 3C1508541AC22A30006F56C7 /* pixels.cpp */; };
/* End PBXBuildFile section */

/* Begin PBXCopyFilesBuildPhase section */
		3C1508431AC228F8006F56C7 /* CopyFiles */ = {
			isa = PBXCopyFilesBuildPhase;
			buildActionMask = 2147483647;
			dstPath = /usr/share/man/man1/;
			dstSubfolderSpec = 0;
			files = (
			);
			runOnlyForDeploymentPostprocessing = 1;
		};
/* End PBXCopyFilesBuildPhase section */

/* Begin PBXFileReference section */
		3C1508451AC228F9006F56C7 /* Graduate */ = {isa = PBXFileReference; explicitFileType = "compiled.mach-o.executable"; includeInIndex = 0; path = Graduate; sourceTree = BUILT_PRODUCTS_DIR; };
		3C1508481AC228F9006F56C7 /* main.cpp */ = {isa = PBXFileReference; indentWidth = 2; lastKnownFileType = sourcecode.cpp.cpp; path = main.cpp; sourceTree = "<group>"; tabWidth = 2; };
		3C15084F1AC22908006F56C7 /* OpenGL.framework */ = {isa = PBXFileReference; lastKnownFileType = wrapper.framework; name = OpenGL.framework; path = System/Library/Frameworks/OpenGL.framework; sourceTree = SDKROOT; };
		3C1508511AC2291D006F56C7 /* GLUT.framework */ = {isa = PBXFileReference; lastKnownFileType = wrapper.framework; name = GLUT.framework; path = System/Library/Frameworks/GLUT.framework; sourceTree = SDKROOT; };
		3C1508541AC22A30006F56C7 /* pixels.cpp */ = {isa = PBXFileReference; fileEncoding = 4; indentWidth = 2; lastKnownFileType = sourcecode.cpp.cpp; path = pixels.cpp; sourceTree = "<group>"; tabWidth = 2; };
		3C1508551AC22A30006F56C7 /* pixels.h */ = {isa = PBXFileReference; fileEncoding = 4; indentWidth = 2; lastKnownFileType = sourcecode.c.h; path = pixels.h; sourceTree = "<group>"; tabWidth = 2; };
		3CD551A71AC4F617007BAFC0 /* macro.h */ = {isa = PBXFileReference; fileEncoding = 4; lastKnownFileType = sourcecode.c.h; path = macro.h; sourceTree = "<group>"; };
/* End PBXFileReference section */

/* Begin PBXFrameworksBuildPhase section */
		3C1508421AC228F8006F56C7 /* Frameworks */ = {
			isa = PBXFrameworksBuildPhase;
			buildActionMask = 2147483647;
			files = (
				3C1508521AC2291D006F56C7 /* GLUT.framework in Frameworks */,
				3C1508501AC22908006F56C7 /* OpenGL.framework in Frameworks */,
			);
			runOnlyForDeploymentPostprocessing = 0;
		};
/* End PBXFrameworksBuildPhase section */

/* Begin PBXGroup section */
		3C15083C1AC228F8006F56C7 = {
			isa = PBXGroup;
			children = (
				3C1508511AC2291D006F56C7 /* GLUT.framework */,
				3C15084F1AC22908006F56C7 /* OpenGL.framework */,
				3C1508471AC228F9006F56C7 /* Graduate */,
				3C1508461AC228F9006F56C7 /* Products */,
			);
			sourceTree = "<group>";
		};
		3C1508461AC228F9006F56C7 /* Products */ = {
			isa = PBXGroup;
			children = (
				3C1508451AC228F9006F56C7 /* Graduate */,
			);
			name = Products;
			sourceTree = "<group>";
		};
		3C1508471AC228F9006F56C7 /* Graduate */ = {
			isa = PBXGroup;
			children = (
				3C1508541AC22A30006F56C7 /* pixels.cpp */,
				3C1508551AC22A30006F56C7 /* pixels.h */,
				3C1508481AC228F9006F56C7 /* main.cpp */,
				3CD551A71AC4F617007BAFC0 /* macro.h */,
			);
			path = Graduate;
			sourceTree = "<group>";
		};
/* End PBXGroup section */

/* Begin PBXNativeTarget section */
		3C1508441AC228F8006F56C7 /* Graduate */ = {
			isa = PBXNativeTarget;
			buildConfigurationList = 3C15084C1AC228F9006F56C7 /* Build configuration list for PBXNativeTarget "Graduate" */;
			buildPhases = (
				3C1508411AC228F8006F56C7 /* Sources */,
				3C1508421AC228F8006F56C7 /* Frameworks */,
				3C1508431AC228F8006F56C7 /* CopyFiles */,
			);
			buildRules = (
			);
			dependencies = (
			);
			name = Graduate;
			productName = Graduate;
			productReference = 3C1508451AC228F9006F56C7 /* Graduate */;
			productType = "com.apple.product-type.tool";
		};
/* End PBXNativeTarget section */

/* Begin PBXProject section */
		3C15083D1AC228F8006F56C7 /* Project object */ = {
			isa = PBXProject;
			attributes = {
				LastUpgradeCheck = 0620;
				ORGANIZATIONNAME = King;
				TargetAttributes = {
					3C1508441AC228F8006F56C7 = {
						CreatedOnToolsVersion = 6.2;
					};
				};
			};
			buildConfigurationList = 3C1508401AC228F8006F56C7 /* Build configuration list for PBXProject "Graduate" */;
			compatibilityVersion = "Xcode 3.2";
			developmentRegion = English;
			hasScannedForEncodings = 0;
			knownRegions = (
				en,
			);
			mainGroup = 3C15083C1AC228F8006F56C7;
			productRefGroup = 3C1508461AC228F9006F56C7 /* Products */;
			projectDirPath = "";
			projectRoot = "";
			targets = (
				3C1508441AC228F8006F56C7 /* Graduate */,
			);
		};
/* End PBXProject section */

/* Begin PBXSourcesBuildPhase section */
		3C1508411AC228F8006F56C7 /* Sources */ = {
			isa = PBXSourcesBuildPhase;
			buildActionMask = 2147483647;
			files = (
				3C1508561AC22A30006F56C7 /* pixels.cpp in Sources */,
				3C1508491AC228F9006F56C7 /* main.cpp in Sources */,
			);
			runOnlyForDeploymentPostprocessing = 0;
		};
/* End PBXSourcesBuildPhase section */

/* Begin XCBuildConfiguration section */
		3C15084A1AC228F9006F56C7 /* Debug */ = {
			isa = XCBuildConfiguration;
			buildSettings = {
				ALWAYS_SEARCH_USER_PATHS = NO;
				CLANG_CXX_LANGUAGE_STANDARD = "gnu++0x";
				CLANG_CXX_LIBRARY = "libc++";
				CLANG_ENABLE_MODULES = YES;
				CLANG_ENABLE_OBJC_ARC = YES;
				CLANG_WARN_BOOL_CONVERSION = YES;
				CLANG_WARN_CONSTANT_CONVERSION = YES;
				CLANG_WARN_DIRECT_OBJC_ISA_USAGE = YES_ERROR;
				CLANG_WARN_EMPTY_BODY = YES;
				CLANG_WARN_ENUM_CONVERSION = YES;
				CLANG_WARN_INT_CONVERSION = YES;
				CLANG_WARN_OBJC_ROOT_CLASS = YES_ERROR;
				CLANG_WARN_UNREACHABLE_CODE = YES;
				CLANG_WARN__DUPLICATE_METHOD_MATCH = YES;
				COPY_PHASE_STRIP = NO;
				ENABLE_STRICT_OBJC_MSGSEND = YES;
				GCC_C_LANGUAGE_STANDARD = gnu99;
				GCC_DYNAMIC_NO_PIC = NO;
				GCC_OPTIMIZATION_LEVEL = 0;
				GCC_PREPROCESSOR_DEFINITIONS = (
					"DEBUG=1",
					"$(inherited)",
				);
				GCC_SYMBOLS_PRIVATE_EXTERN = NO;
				GCC_WARN_64_TO_32_BIT_CONVERSION = YES;
				GCC_WARN_ABOUT_RETURN_TYPE = YES_ERROR;
				GCC_WARN_UNDECLARED_SELECTOR = YES;
				GCC_WARN_UNINITIALIZED_AUTOS = YES_AGGRESSIVE;
				GCC_WARN_UNUSED_FUNCTION = YES;
				GCC_WARN_UNUSED_VARIABLE = YES;
				MACOSX_DEPLOYMENT_TARGET = 10.10;
				MTL_ENABLE_DEBUG_INFO = YES;
				ONLY_ACTIVE_ARCH = YES;
				SDKROOT = macosx;
			};
			name = Debug;
		};
		3C15084B1AC228F9006F56C7 /* Release */ = {
			isa = XCBuildConfiguration;
			buildSettings = {
				ALWAYS_SEARCH_USER_PATHS = NO;
				CLANG_CXX_LANGUAGE_STANDARD = "gnu++0x";
				CLANG_CXX_LIBRARY = "libc++";
				CLANG_ENABLE_MODULES = YES;
				CLANG_ENABLE_OBJC_ARC = YES;
				CLANG_WARN_BOOL_CONVERSION = YES;
				CLANG_WARN_CONSTANT_CONVERSION = YES;
				CLANG_WARN_DIRECT_OBJC_ISA_USAGE = YES_ERROR;
				CLANG_WARN_EMPTY_BODY = YES;
				CLANG_WARN_ENUM_CONVERSION = YES;
				CLANG_WARN_INT_CONVERSION = YES;
				CLANG_WARN_OBJC_ROOT_CLASS = YES_ERROR;
				CLANG_WARN_UNREACHABLE_CODE = YES;
				CLANG_WARN__DUPLICATE_METHOD_MATCH = YES;
				COPY_PHASE_STRIP = NO;
				DEBUG_INFORMATION_FORMAT = "dwarf-with-dsym";
				ENABLE_NS_ASSERTIONS = NO;
				ENABLE_STRICT_OBJC_MSGSEND = YES;
				GCC_C_LANGUAGE_STANDARD = gnu99;
				GCC_WARN_64_TO_32_BIT_CONVERSION = YES;
				GCC_WARN_ABOUT_RETURN_TYPE = YES_ERROR;
				GCC_WARN_UNDECLARED_SELECTOR = YES;
				GCC_WARN_UNINITIALIZED_AUTOS = YES_AGGRESSIVE;
				GCC_WARN_UNUSED_FUNCTION = YES;
				GCC_WARN_UNUSED_VARIABLE = YES;
				MACOSX_DEPLOYMENT_TARGET = 10.10;
				MTL_ENABLE_DEBUG_INFO = NO;
				SDKROOT = macosx;
			};
			name = Release;
		};
		3C15084D1AC228F9006F56C7 /* Debug */ = {
			isa = XCBuildConfiguration;
			buildSettings = {
				PRODUCT_NAME = "$(TARGET_NAME)";
			};
			name = Debug;
		};
		3C15084E1AC228F9006F56C7 /* Release */ = {
			isa = XCBuildConfiguration;
			buildSettings = {
				PRODUCT_NAME = "$(TARGET_NAME)";
			};
			name = Release;
		};
/* End XCBuildConfiguration section */

/* Begin XCConfigurationList section */
		3C1508401AC228F8006F56C7 /* Build configuration list for PBXProject "Graduate" */ = {
			isa = XCConfigurationList;
			buildConfigurations = (
				3C15084A1AC228F9006F56C7 /* Debug */,
				3C15084B1AC228F9006F56C7 /* Release */,
			);
			defaultConfigurationIsVisible = 0;
			defaultConfigurationName = Release;
		};
		3C15084C1AC228F9006F56C7 /* Build configuration list for PBXNativeTarget "Graduate" */ = {
			isa = XCConfigurationList;
			buildConfigurations = (
				3C15084D1AC228F9006F56C7 /* Debug */,
				3C15084E1AC228F9006F56C7 /* Release */,
			);
			defaultConfigurationIsVisible = 0;
			defaultConfigurationName = Release;
		};
/* End XCConfigurationList section */
	};
	rootObject = 3C15083D1AC228F8006F56C7 /* Project object */;
}
